
Microsoft Visual Studio Solution File, Format Version 12.00
# Visual Studio 15
VisualStudioVersion = 15.0.26730.16
MinimumVisualStudioVersion = 10.0.40219.1
Project("{FAE04EC0-301F-11D3-BF4B-00C04F79EFBC}") = "Cheque Clearing Machine", "Cheque Clearing Machine\Cheque Clearing Machine.csproj", "{06612A90-0BF8-4FC3-94AC-65E37E0E6E39}"
EndProject
Global
	GlobalSection(SolutionConfigurationPlatforms) = preSolution
		Debug|Any CPU = Debug|Any CPU
		Release|Any CPU = Release|Any CPU
	EndGlobalSection
	GlobalSection(ProjectConfigurationPlatforms) = postSolution
		{06612A90-0BF8-4FC3-94AC-65E37E0E6E39}.Debug|Any CPU.ActiveCfg = Debug|Any CPU
		{06612A90-0BF8-4FC3-94AC-65E37E0E6E39}.Debug|Any CPU.Build.0 = Debug|Any CPU
		{06612A90-0BF8-4FC3-94AC-65E37E0E6E39}.Release|Any CPU.ActiveCfg = Release|Any CPU
		{06612A90-0BF8-4FC3-94AC-65E37E0E6E39}.Release|Any CPU.Build.0 = Release|Any CPU
	EndGlobalSection
	GlobalSection(SolutionProperties) = preSolution
		HideSolutionNode = FALSE
	EndGlobalSection
	GlobalSection(ExtensibilityGlobals) = postSolution
		SolutionGuid = {CEFA1F83-AAB9-4BB6-8B9F-D772BAF5BFF4}
	EndGlobalSection
EndGlobal
